// !$*UTF8*$!
{
	archiveVersion = 1;
	classes = {
	};
	objectVersion = 55;
	objects = {

/* Begin PBXBuildFile section */
		B5378E9A289B8DC4006BD57F /* SearchTableViewController.swift in Sources */ = {isa = PBXBuildFile; fileRef = B5378E99289B8DC4006BD57F /* SearchTableViewController.swift */; };
		B5378E9F289B97D9006BD57F /* SearchTableViewCell.swift in Sources */ = {isa = PBXBuildFile; fileRef = B5378E9E289B97D9006BD57F /* SearchTableViewCell.swift */; };
		B5378EA2289B9B5F006BD57F /* NetworkManager.swift in Sources */ = {isa = PBXBuildFile; fileRef = B5378EA1289B9B5F006BD57F /* NetworkManager.swift */; };
		B5378EA6289B9E3C006BD57F /* SearchResult.swift in Sources */ = {isa = PBXBuildFile; fileRef = B5378EA5289B9E3C006BD57F /* SearchResult.swift */; };
		B5378EA8289BD172006BD57F /* SearchPlaceholderView.swift in Sources */ = {isa = PBXBuildFile; fileRef = B5378EA7289BD172006BD57F /* SearchPlaceholderView.swift */; };
		B5378EAB289BE7B1006BD57F /* UIAnimatable.swift in Sources */ = {isa = PBXBuildFile; fileRef = B5378EAA289BE7B1006BD57F /* UIAnimatable.swift */; };
		B5A972D4289A8F2E0071E4F1 /* AppDelegate.swift in Sources */ = {isa = PBXBuildFile; fileRef = B5A972D3289A8F2E0071E4F1 /* AppDelegate.swift */; };
		B5A972D6289A8F2E0071E4F1 /* SceneDelegate.swift in Sources */ = {isa = PBXBuildFile; fileRef = B5A972D5289A8F2E0071E4F1 /* SceneDelegate.swift */; };
		B5A972DB289A8F2E0071E4F1 /* Main.storyboard in Resources */ = {isa = PBXBuildFile; fileRef = B5A972D9289A8F2E0071E4F1 /* Main.storyboard */; };
		B5A972DD289A8F310071E4F1 /* Assets.xcassets in Resources */ = {isa = PBXBuildFile; fileRef = B5A972DC289A8F310071E4F1 /* Assets.xcassets */; };
		B5A972E0289A8F310071E4F1 /* LaunchScreen.storyboard in Resources */ = {isa = PBXBuildFile; fileRef = B5A972DE289A8F310071E4F1 /* LaunchScreen.storyboard */; };
		B5B884BE28A3770200B10DBC /* Financial_AppTests.swift in Sources */ = {isa = PBXBuildFile; fileRef = B5B884BD28A3770200B10DBC /* Financial_AppTests.swift */; };
		B5B9E695289E36A000914815 /* TimeSeriesMonthlyAdjusted.swift in Sources */ = {isa = PBXBuildFile; fileRef = B5B9E694289E36A000914815 /* TimeSeriesMonthlyAdjusted.swift */; };
		B5B9E697289E677A00914815 /* CalculatorTableViewController.swift in Sources */ = {isa = PBXBuildFile; fileRef = B5B9E696289E677A00914815 /* CalculatorTableViewController.swift */; };
		B5B9E699289E685C00914815 /* Asset.swift in Sources */ = {isa = PBXBuildFile; fileRef = B5B9E698289E685C00914815 /* Asset.swift */; };
		B5B9E69C289E770400914815 /* String + Extension.swift in Sources */ = {isa = PBXBuildFile; fileRef = B5B9E69B289E770400914815 /* String + Extension.swift */; };
		B5CB83A628A212F100FA51C4 /* Calculator.swift in Sources */ = {isa = PBXBuildFile; fileRef = B5CB83A528A212F100FA51C4 /* Calculator.swift */; };
		B5CB83A828A21BDC00FA51C4 /* Double + Extensions.swift in Sources */ = {isa = PBXBuildFile; fileRef = B5CB83A728A21BDC00FA51C4 /* Double + Extensions.swift */; };
		B5CB83AC28A27A0300FA51C4 /* Result.swift in Sources */ = {isa = PBXBuildFile; fileRef = B5CB83AB28A27A0300FA51C4 /* Result.swift */; };
		B5F4591C28A0C4E900769193 /* UITextField + Extensions.swift in Sources */ = {isa = PBXBuildFile; fileRef = B5F4591B28A0C4E900769193 /* UITextField + Extensions.swift */; };
		B5F4591E28A1014B00769193 /* DateSelectionTableViewController.swift in Sources */ = {isa = PBXBuildFile; fileRef = B5F4591D28A1014B00769193 /* DateSelectionTableViewController.swift */; };
		B5F4592028A101DD00769193 /* DateSelectionTableViewCell.swift in Sources */ = {isa = PBXBuildFile; fileRef = B5F4591F28A101DD00769193 /* DateSelectionTableViewCell.swift */; };
		B5F4592228A10BDD00769193 /* Date + Extensions.swift in Sources */ = {isa = PBXBuildFile; fileRef = B5F4592128A10BDD00769193 /* Date + Extensions.swift */; };
		B5F4592428A11DBC00769193 /* Int + Extensions.swift in Sources */ = {isa = PBXBuildFile; fileRef = B5F4592328A11DBC00769193 /* Int + Extensions.swift */; };
		D36688FBAFA310A8E05A7119 /* Pods_Financial_App.framework in Frameworks */ = {isa = PBXBuildFile; fileRef = C5BA022D4BB7040CDBDA69D2 /* Pods_Financial_App.framework */; };
/* End PBXBuildFile section */

/* Begin PBXContainerItemProxy section */
		B5B884BF28A3770200B10DBC /* PBXContainerItemProxy */ = {
			isa = PBXContainerItemProxy;
			containerPortal = B5A972C8289A8F2E0071E4F1 /* Project object */;
			proxyType = 1;
			remoteGlobalIDString = B5A972CF289A8F2E0071E4F1;
			remoteInfo = "Financial App";
		};
/* End PBXContainerItemProxy section */

/* Begin PBXFileReference section */
		76844142DE17E35D4E7DEB10 /* Pods-Financial App.debug.xcconfig */ = {isa = PBXFileReference; includeInIndex = 1; lastKnownFileType = text.xcconfig; name = "Pods-Financial App.debug.xcconfig"; path = "Target Support Files/Pods-Financial App/Pods-Financial App.debug.xcconfig"; sourceTree = "<group>"; };
		9FD6F90F91105BFCA20118BB /* Pods-Financial App.release.xcconfig */ = {isa = PBXFileReference; includeInIndex = 1; lastKnownFileType = text.xcconfig; name = "Pods-Financial App.release.xcconfig"; path = "Target Support Files/Pods-Financial App/Pods-Financial App.release.xcconfig"; sourceTree = "<group>"; };
		B5378E99289B8DC4006BD57F /* SearchTableViewController.swift */ = {isa = PBXFileReference; lastKnownFileType = sourcecode.swift; path = SearchTableViewController.swift; sourceTree = "<group>"; };
		B5378E9E289B97D9006BD57F /* SearchTableViewCell.swift */ = {isa = PBXFileReference; lastKnownFileType = sourcecode.swift; path = SearchTableViewCell.swift; sourceTree = "<group>"; };
		B5378EA1289B9B5F006BD57F /* NetworkManager.swift */ = {isa = PBXFileReference; lastKnownFileType = sourcecode.swift; path = NetworkManager.swift; sourceTree = "<group>"; };
		B5378EA5289B9E3C006BD57F /* SearchResult.swift */ = {isa = PBXFileReference; lastKnownFileType = sourcecode.swift; path = SearchResult.swift; sourceTree = "<group>"; };
		B5378EA7289BD172006BD57F /* SearchPlaceholderView.swift */ = {isa = PBXFileReference; lastKnownFileType = sourcecode.swift; path = SearchPlaceholderView.swift; sourceTree = "<group>"; };
		B5378EAA289BE7B1006BD57F /* UIAnimatable.swift */ = {isa = PBXFileReference; lastKnownFileType = sourcecode.swift; path = UIAnimatable.swift; sourceTree = "<group>"; };
		B5A972D0289A8F2E0071E4F1 /* Financial App.app */ = {isa = PBXFileReference; explicitFileType = wrapper.application; includeInIndex = 0; path = "Financial App.app"; sourceTree = BUILT_PRODUCTS_DIR; };
		B5A972D3289A8F2E0071E4F1 /* AppDelegate.swift */ = {isa = PBXFileReference; lastKnownFileType = sourcecode.swift; path = AppDelegate.swift; sourceTree = "<group>"; };
		B5A972D5289A8F2E0071E4F1 /* SceneDelegate.swift */ = {isa = PBXFileReference; lastKnownFileType = sourcecode.swift; path = SceneDelegate.swift; sourceTree = "<group>"; };
		B5A972DA289A8F2E0071E4F1 /* Base */ = {isa = PBXFileReference; lastKnownFileType = file.storyboard; name = Base; path = Base.lproj/Main.storyboard; sourceTree = "<group>"; };
		B5A972DC289A8F310071E4F1 /* Assets.xcassets */ = {isa = PBXFileReference; lastKnownFileType = folder.assetcatalog; path = Assets.xcassets; sourceTree = "<group>"; };
		B5A972DF289A8F310071E4F1 /* Base */ = {isa = PBXFileReference; lastKnownFileType = file.storyboard; name = Base; path = Base.lproj/LaunchScreen.storyboard; sourceTree = "<group>"; };
		B5A972E1289A8F310071E4F1 /* Info.plist */ = {isa = PBXFileReference; lastKnownFileType = text.plist.xml; path = Info.plist; sourceTree = "<group>"; };
		B5B884BB28A3770200B10DBC /* Financial AppTests.xctest */ = {isa = PBXFileReference; explicitFileType = wrapper.cfbundle; includeInIndex = 0; path = "Financial AppTests.xctest"; sourceTree = BUILT_PRODUCTS_DIR; };
		B5B884BD28A3770200B10DBC /* Financial_AppTests.swift */ = {isa = PBXFileReference; lastKnownFileType = sourcecode.swift; path = Financial_AppTests.swift; sourceTree = "<group>"; };
		B5B9E694289E36A000914815 /* TimeSeriesMonthlyAdjusted.swift */ = {isa = PBXFileReference; lastKnownFileType = sourcecode.swift; path = TimeSeriesMonthlyAdjusted.swift; sourceTree = "<group>"; };
		B5B9E696289E677A00914815 /* CalculatorTableViewController.swift */ = {isa = PBXFileReference; lastKnownFileType = sourcecode.swift; path = CalculatorTableViewController.swift; sourceTree = "<group>"; };
		B5B9E698289E685C00914815 /* Asset.swift */ = {isa = PBXFileReference; lastKnownFileType = sourcecode.swift; path = Asset.swift; sourceTree = "<group>"; };
		B5B9E69B289E770400914815 /* String + Extension.swift */ = {isa = PBXFileReference; lastKnownFileType = sourcecode.swift; path = "String + Extension.swift"; sourceTree = "<group>"; };
		B5CB83A528A212F100FA51C4 /* Calculator.swift */ = {isa = PBXFileReference; lastKnownFileType = sourcecode.swift; path = Calculator.swift; sourceTree = "<group>"; };
		B5CB83A728A21BDC00FA51C4 /* Double + Extensions.swift */ = {isa = PBXFileReference; lastKnownFileType = sourcecode.swift; path = "Double + Extensions.swift"; sourceTree = "<group>"; };
		B5CB83AB28A27A0300FA51C4 /* Result.swift */ = {isa = PBXFileReference; lastKnownFileType = sourcecode.swift; path = Result.swift; sourceTree = "<group>"; };
		B5F4591B28A0C4E900769193 /* UITextField + Extensions.swift */ = {isa = PBXFileReference; lastKnownFileType = sourcecode.swift; path = "UITextField + Extensions.swift"; sourceTree = "<group>"; };
		B5F4591D28A1014B00769193 /* DateSelectionTableViewController.swift */ = {isa = PBXFileReference; lastKnownFileType = sourcecode.swift; path = DateSelectionTableViewController.swift; sourceTree = "<group>"; };
		B5F4591F28A101DD00769193 /* DateSelectionTableViewCell.swift */ = {isa = PBXFileReference; lastKnownFileType = sourcecode.swift; path = DateSelectionTableViewCell.swift; sourceTree = "<group>"; };
		B5F4592128A10BDD00769193 /* Date + Extensions.swift */ = {isa = PBXFileReference; lastKnownFileType = sourcecode.swift; path = "Date + Extensions.swift"; sourceTree = "<group>"; };
		B5F4592328A11DBC00769193 /* Int + Extensions.swift */ = {isa = PBXFileReference; lastKnownFileType = sourcecode.swift; path = "Int + Extensions.swift"; sourceTree = "<group>"; };
		C5BA022D4BB7040CDBDA69D2 /* Pods_Financial_App.framework */ = {isa = PBXFileReference; explicitFileType = wrapper.framework; includeInIndex = 0; path = Pods_Financial_App.framework; sourceTree = BUILT_PRODUCTS_DIR; };
/* End PBXFileReference section */

/* Begin PBXFrameworksBuildPhase section */
		B5A972CD289A8F2E0071E4F1 /* Frameworks */ = {
			isa = PBXFrameworksBuildPhase;
			buildActionMask = 2147483647;
			files = (
				D36688FBAFA310A8E05A7119 /* Pods_Financial_App.framework in Frameworks */,
			);
			runOnlyForDeploymentPostprocessing = 0;
		};
		B5B884B828A3770200B10DBC /* Frameworks */ = {
			isa = PBXFrameworksBuildPhase;
			buildActionMask = 2147483647;
			files = (
			);
			runOnlyForDeploymentPostprocessing = 0;
		};
/* End PBXFrameworksBuildPhase section */

/* Begin PBXGroup section */
		0B35DC185D3D6B7A8DA32D71 /* Frameworks */ = {
			isa = PBXGroup;
			children = (
				C5BA022D4BB7040CDBDA69D2 /* Pods_Financial_App.framework */,
			);
			name = Frameworks;
			sourceTree = "<group>";
		};
		5080704991BC647D4BACC5C9 /* Pods */ = {
			isa = PBXGroup;
			children = (
				76844142DE17E35D4E7DEB10 /* Pods-Financial App.debug.xcconfig */,
				9FD6F90F91105BFCA20118BB /* Pods-Financial App.release.xcconfig */,
			);
			path = Pods;
			sourceTree = "<group>";
		};
		B5378E9B289B9798006BD57F /* App */ = {
			isa = PBXGroup;
			children = (
				B5A972D3289A8F2E0071E4F1 /* AppDelegate.swift */,
				B5A972D5289A8F2E0071E4F1 /* SceneDelegate.swift */,
			);
			path = App;
			sourceTree = "<group>";
		};
		B5378E9C289B97A4006BD57F /* View */ = {
			isa = PBXGroup;
			children = (
				B5378EA3289B9DCE006BD57F /* Storyboard */,
				B5378E9E289B97D9006BD57F /* SearchTableViewCell.swift */,
				B5378EA7289BD172006BD57F /* SearchPlaceholderView.swift */,
				B5F4591F28A101DD00769193 /* DateSelectionTableViewCell.swift */,
			);
			path = View;
			sourceTree = "<group>";
		};
		B5378E9D289B97AB006BD57F /* Controller */ = {
			isa = PBXGroup;
			children = (
				B5378E99289B8DC4006BD57F /* SearchTableViewController.swift */,
				B5B9E696289E677A00914815 /* CalculatorTableViewController.swift */,
				B5F4591D28A1014B00769193 /* DateSelectionTableViewController.swift */,
			);
			path = Controller;
			sourceTree = "<group>";
		};
		B5378EA0289B9B31006BD57F /* Service */ = {
			isa = PBXGroup;
			children = (
				B5378EA1289B9B5F006BD57F /* NetworkManager.swift */,
			);
			path = Service;
			sourceTree = "<group>";
		};
		B5378EA3289B9DCE006BD57F /* Storyboard */ = {
			isa = PBXGroup;
			children = (
				B5A972D9289A8F2E0071E4F1 /* Main.storyboard */,
				B5A972DE289A8F310071E4F1 /* LaunchScreen.storyboard */,
			);
			path = Storyboard;
			sourceTree = "<group>";
		};
		B5378EA4289B9E29006BD57F /* Model */ = {
			isa = PBXGroup;
			children = (
				B5378EA5289B9E3C006BD57F /* SearchResult.swift */,
				B5B9E694289E36A000914815 /* TimeSeriesMonthlyAdjusted.swift */,
				B5B9E698289E685C00914815 /* Asset.swift */,
				B5CB83A528A212F100FA51C4 /* Calculator.swift */,
				B5CB83AB28A27A0300FA51C4 /* Result.swift */,
			);
			path = Model;
			sourceTree = "<group>";
		};
		B5378EA9289BE788006BD57F /* Protocol */ = {
			isa = PBXGroup;
			children = (
				B5378EAA289BE7B1006BD57F /* UIAnimatable.swift */,
			);
			path = Protocol;
			sourceTree = "<group>";
		};
		B5378EAC289C155E006BD57F /* Resource */ = {
			isa = PBXGroup;
			children = (
				B5A972DC289A8F310071E4F1 /* Assets.xcassets */,
				B5A972E1289A8F310071E4F1 /* Info.plist */,
			);
			path = Resource;
			sourceTree = "<group>";
		};
		B5A972C7289A8F2E0071E4F1 = {
			isa = PBXGroup;
			children = (
				B5A972D2289A8F2E0071E4F1 /* Financial App */,
				B5B884BC28A3770200B10DBC /* Financial AppTests */,
				B5A972D1289A8F2E0071E4F1 /* Products */,
				5080704991BC647D4BACC5C9 /* Pods */,
				0B35DC185D3D6B7A8DA32D71 /* Frameworks */,
			);
			sourceTree = "<group>";
		};
		B5A972D1289A8F2E0071E4F1 /* Products */ = {
			isa = PBXGroup;
			children = (
				B5A972D0289A8F2E0071E4F1 /* Financial App.app */,
				B5B884BB28A3770200B10DBC /* Financial AppTests.xctest */,
			);
			name = Products;
			sourceTree = "<group>";
		};
		B5A972D2289A8F2E0071E4F1 /* Financial App */ = {
			isa = PBXGroup;
			children = (
				B5378EA0289B9B31006BD57F /* Service */,
				B5378EA4289B9E29006BD57F /* Model */,
				B5378E9C289B97A4006BD57F /* View */,
				B5378E9D289B97AB006BD57F /* Controller */,
				B5378EA9289BE788006BD57F /* Protocol */,
				B5B9E69A289E76B800914815 /* Extension */,
				B5378E9B289B9798006BD57F /* App */,
				B5378EAC289C155E006BD57F /* Resource */,
			);
			path = "Financial App";
			sourceTree = "<group>";
		};
		B5B884BC28A3770200B10DBC /* Financial AppTests */ = {
			isa = PBXGroup;
			children = (
				B5B884BD28A3770200B10DBC /* Financial_AppTests.swift */,
			);
			path = "Financial AppTests";
			sourceTree = "<group>";
		};
		B5B9E69A289E76B800914815 /* Extension */ = {
			isa = PBXGroup;
			children = (
				B5B9E69B289E770400914815 /* String + Extension.swift */,
				B5F4591B28A0C4E900769193 /* UITextField + Extensions.swift */,
				B5F4592128A10BDD00769193 /* Date + Extensions.swift */,
				B5F4592328A11DBC00769193 /* Int + Extensions.swift */,
				B5CB83A728A21BDC00FA51C4 /* Double + Extensions.swift */,
			);
			path = Extension;
			sourceTree = "<group>";
		};
/* End PBXGroup section */

/* Begin PBXNativeTarget section */
		B5A972CF289A8F2E0071E4F1 /* Financial App */ = {
			isa = PBXNativeTarget;
			buildConfigurationList = B5A972E4289A8F310071E4F1 /* Build configuration list for PBXNativeTarget "Financial App" */;
			buildPhases = (
				CED40AD7F978B3952563003E /* [CP] Check Pods Manifest.lock */,
				B5A972CC289A8F2E0071E4F1 /* Sources */,
				B5A972CD289A8F2E0071E4F1 /* Frameworks */,
				B5A972CE289A8F2E0071E4F1 /* Resources */,
				7436ADC3DCCC0E39CB389285 /* [CP] Embed Pods Frameworks */,
			);
			buildRules = (
			);
			dependencies = (
			);
			name = "Financial App";
			productName = "Financial App";
			productReference = B5A972D0289A8F2E0071E4F1 /* Financial App.app */;
			productType = "com.apple.product-type.application";
		};
		B5B884BA28A3770200B10DBC /* Financial AppTests */ = {
			isa = PBXNativeTarget;
			buildConfigurationList = B5B884C328A3770200B10DBC /* Build configuration list for PBXNativeTarget "Financial AppTests" */;
			buildPhases = (
				B5B884B728A3770200B10DBC /* Sources */,
				B5B884B828A3770200B10DBC /* Frameworks */,
				B5B884B928A3770200B10DBC /* Resources */,
			);
			buildRules = (
			);
			dependencies = (
				B5B884C028A3770200B10DBC /* PBXTargetDependency */,
			);
			name = "Financial AppTests";
			productName = "Financial AppTests";
			productReference = B5B884BB28A3770200B10DBC /* Financial AppTests.xctest */;
			productType = "com.apple.product-type.bundle.unit-test";
		};
/* End PBXNativeTarget section */

/* Begin PBXProject section */
		B5A972C8289A8F2E0071E4F1 /* Project object */ = {
			isa = PBXProject;
			attributes = {
				BuildIndependentTargetsInParallel = 1;
				LastSwiftUpdateCheck = 1320;
				LastUpgradeCheck = 1320;
				TargetAttributes = {
					B5A972CF289A8F2E0071E4F1 = {
						CreatedOnToolsVersion = 13.2.1;
					};
					B5B884BA28A3770200B10DBC = {
						CreatedOnToolsVersion = 13.2.1;
						TestTargetID = B5A972CF289A8F2E0071E4F1;
					};
				};
			};
			buildConfigurationList = B5A972CB289A8F2E0071E4F1 /* Build configuration list for PBXProject "Financial App" */;
			compatibilityVersion = "Xcode 13.0";
			developmentRegion = en;
			hasScannedForEncodings = 0;
			knownRegions = (
				en,
				Base,
			);
			mainGroup = B5A972C7289A8F2E0071E4F1;
			productRefGroup = B5A972D1289A8F2E0071E4F1 /* Products */;
			projectDirPath = "";
			projectRoot = "";
			targets = (
				B5A972CF289A8F2E0071E4F1 /* Financial App */,
				B5B884BA28A3770200B10DBC /* Financial AppTests */,
			);
		};
/* End PBXProject section */

/* Begin PBXResourcesBuildPhase section */
		B5A972CE289A8F2E0071E4F1 /* Resources */ = {
			isa = PBXResourcesBuildPhase;
			buildActionMask = 2147483647;
			files = (
				B5A972E0289A8F310071E4F1 /* LaunchScreen.storyboard in Resources */,
				B5A972DD289A8F310071E4F1 /* Assets.xcassets in Resources */,
				B5A972DB289A8F2E0071E4F1 /* Main.storyboard in Resources */,
			);
			runOnlyForDeploymentPostprocessing = 0;
		};
		B5B884B928A3770200B10DBC /* Resources */ = {
			isa = PBXResourcesBuildPhase;
			buildActionMask = 2147483647;
			files = (
			);
			runOnlyForDeploymentPostprocessing = 0;
		};
/* End PBXResourcesBuildPhase section */

/* Begin PBXShellScriptBuildPhase section */
		7436ADC3DCCC0E39CB389285 /* [CP] Embed Pods Frameworks */ = {
			isa = PBXShellScriptBuildPhase;
			buildActionMask = 2147483647;
			files = (
			);
			inputFileListPaths = (
				"${PODS_ROOT}/Target Support Files/Pods-Financial App/Pods-Financial App-frameworks-${CONFIGURATION}-input-files.xcfilelist",
			);
			name = "[CP] Embed Pods Frameworks";
			outputFileListPaths = (
				"${PODS_ROOT}/Target Support Files/Pods-Financial App/Pods-Financial App-frameworks-${CONFIGURATION}-output-files.xcfilelist",
			);
			runOnlyForDeploymentPostprocessing = 0;
			shellPath = /bin/sh;
			shellScript = "\"${PODS_ROOT}/Target Support Files/Pods-Financial App/Pods-Financial App-frameworks.sh\"\n";
			showEnvVarsInLog = 0;
		};
		CED40AD7F978B3952563003E /* [CP] Check Pods Manifest.lock */ = {
			isa = PBXShellScriptBuildPhase;
			buildActionMask = 2147483647;
			files = (
			);
			inputFileListPaths = (
			);
			inputPaths = (
				"${PODS_PODFILE_DIR_PATH}/Podfile.lock",
				"${PODS_ROOT}/Manifest.lock",
			);
			name = "[CP] Check Pods Manifest.lock";
			outputFileListPaths = (
			);
			outputPaths = (
				"$(DERIVED_FILE_DIR)/Pods-Financial App-checkManifestLockResult.txt",
			);
			runOnlyForDeploymentPostprocessing = 0;
			shellPath = /bin/sh;
			shellScript = "diff \"${PODS_PODFILE_DIR_PATH}/Podfile.lock\" \"${PODS_ROOT}/Manifest.lock\" > /dev/null\nif [ $? != 0 ] ; then\n    # print error to STDERR\n    echo \"error: The sandbox is not in sync with the Podfile.lock. Run 'pod install' or update your CocoaPods installation.\" >&2\n    exit 1\nfi\n# This output is used by Xcode 'outputs' to avoid re-running this script phase.\necho \"SUCCESS\" > \"${SCRIPT_OUTPUT_FILE_0}\"\n";
			showEnvVarsInLog = 0;
		};
/* End PBXShellScriptBuildPhase section */

/* Begin PBXSourcesBuildPhase section */
		B5A972CC289A8F2E0071E4F1 /* Sources */ = {
			isa = PBXSourcesBuildPhase;
			buildActionMask = 2147483647;
			files = (
				B5F4591E28A1014B00769193 /* DateSelectionTableViewController.swift in Sources */,
				B5A972D4289A8F2E0071E4F1 /* AppDelegate.swift in Sources */,
				B5378EAB289BE7B1006BD57F /* UIAnimatable.swift in Sources */,
				B5B9E69C289E770400914815 /* String + Extension.swift in Sources */,
				B5B9E697289E677A00914815 /* CalculatorTableViewController.swift in Sources */,
				B5F4592428A11DBC00769193 /* Int + Extensions.swift in Sources */,
				B5CB83A828A21BDC00FA51C4 /* Double + Extensions.swift in Sources */,
				B5B9E699289E685C00914815 /* Asset.swift in Sources */,
				B5378E9F289B97D9006BD57F /* SearchTableViewCell.swift in Sources */,
				B5378EA2289B9B5F006BD57F /* NetworkManager.swift in Sources */,
				B5378E9A289B8DC4006BD57F /* SearchTableViewController.swift in Sources */,
				B5B9E695289E36A000914815 /* TimeSeriesMonthlyAdjusted.swift in Sources */,
				B5F4591C28A0C4E900769193 /* UITextField + Extensions.swift in Sources */,
				B5CB83A628A212F100FA51C4 /* Calculator.swift in Sources */,
				B5F4592228A10BDD00769193 /* Date + Extensions.swift in Sources */,
				B5F4592028A101DD00769193 /* DateSelectionTableViewCell.swift in Sources */,
				B5378EA6289B9E3C006BD57F /* SearchResult.swift in Sources */,
				B5CB83AC28A27A0300FA51C4 /* Result.swift in Sources */,
				B5A972D6289A8F2E0071E4F1 /* SceneDelegate.swift in Sources */,
				B5378EA8289BD172006BD57F /* SearchPlaceholderView.swift in Sources */,
			);
			runOnlyForDeploymentPostprocessing = 0;
		};
		B5B884B728A3770200B10DBC /* Sources */ = {
			isa = PBXSourcesBuildPhase;
			buildActionMask = 2147483647;
			files = (
				B5B884BE28A3770200B10DBC /* Financial_AppTests.swift in Sources */,
			);
			runOnlyForDeploymentPostprocessing = 0;
		};
/* End PBXSourcesBuildPhase section */

/* Begin PBXTargetDependency section */
		B5B884C028A3770200B10DBC /* PBXTargetDependency */ = {
			isa = PBXTargetDependency;
			target = B5A972CF289A8F2E0071E4F1 /* Financial App */;
			targetProxy = B5B884BF28A3770200B10DBC /* PBXContainerItemProxy */;
		};
/* End PBXTargetDependency section */

/* Begin PBXVariantGroup section */
		B5A972D9289A8F2E0071E4F1 /* Main.storyboard */ = {
			isa = PBXVariantGroup;
			children = (
				B5A972DA289A8F2E0071E4F1 /* Base */,
			);
			name = Main.storyboard;
			sourceTree = "<group>";
		};
		B5A972DE289A8F310071E4F1 /* LaunchScreen.storyboard */ = {
			isa = PBXVariantGroup;
			children = (
				B5A972DF289A8F310071E4F1 /* Base */,
			);
			name = LaunchScreen.storyboard;
			sourceTree = "<group>";
		};
/* End PBXVariantGroup section */

/* Begin XCBuildConfiguration section */
		B5A972E2289A8F310071E4F1 /* Debug */ = {
			isa = XCBuildConfiguration;
			buildSettings = {
				ALWAYS_SEARCH_USER_PATHS = NO;
				CLANG_ANALYZER_NONNULL = YES;
				CLANG_ANALYZER_NUMBER_OBJECT_CONVERSION = YES_AGGRESSIVE;
				CLANG_CXX_LANGUAGE_STANDARD = "gnu++17";
				CLANG_CXX_LIBRARY = "libc++";
				CLANG_ENABLE_MODULES = YES;
				CLANG_ENABLE_OBJC_ARC = YES;
				CLANG_ENABLE_OBJC_WEAK = YES;
				CLANG_WARN_BLOCK_CAPTURE_AUTORELEASING = YES;
				CLANG_WARN_BOOL_CONVERSION = YES;
				CLANG_WARN_COMMA = YES;
				CLANG_WARN_CONSTANT_CONVERSION = YES;
				CLANG_WARN_DEPRECATED_OBJC_IMPLEMENTATIONS = YES;
				CLANG_WARN_DIRECT_OBJC_ISA_USAGE = YES_ERROR;
				CLANG_WARN_DOCUMENTATION_COMMENTS = YES;
				CLANG_WARN_EMPTY_BODY = YES;
				CLANG_WARN_ENUM_CONVERSION = YES;
				CLANG_WARN_INFINITE_RECURSION = YES;
				CLANG_WARN_INT_CONVERSION = YES;
				CLANG_WARN_NON_LITERAL_NULL_CONVERSION = YES;
				CLANG_WARN_OBJC_IMPLICIT_RETAIN_SELF = YES;
				CLANG_WARN_OBJC_LITERAL_CONVERSION = YES;
				CLANG_WARN_OBJC_ROOT_CLASS = YES_ERROR;
				CLANG_WARN_QUOTED_INCLUDE_IN_FRAMEWORK_HEADER = YES;
				CLANG_WARN_RANGE_LOOP_ANALYSIS = YES;
				CLANG_WARN_STRICT_PROTOTYPES = YES;
				CLANG_WARN_SUSPICIOUS_MOVE = YES;
				CLANG_WARN_UNGUARDED_AVAILABILITY = YES_AGGRESSIVE;
				CLANG_WARN_UNREACHABLE_CODE = YES;
				CLANG_WARN__DUPLICATE_METHOD_MATCH = YES;
				COPY_PHASE_STRIP = NO;
				DEBUG_INFORMATION_FORMAT = dwarf;
				ENABLE_STRICT_OBJC_MSGSEND = YES;
				ENABLE_TESTABILITY = YES;
				GCC_C_LANGUAGE_STANDARD = gnu11;
				GCC_DYNAMIC_NO_PIC = NO;
				GCC_NO_COMMON_BLOCKS = YES;
				GCC_OPTIMIZATION_LEVEL = 0;
				GCC_PREPROCESSOR_DEFINITIONS = (
					"DEBUG=1",
					"$(inherited)",
				);
				GCC_WARN_64_TO_32_BIT_CONVERSION = YES;
				GCC_WARN_ABOUT_RETURN_TYPE = YES_ERROR;
				GCC_WARN_UNDECLARED_SELECTOR = YES;
				GCC_WARN_UNINITIALIZED_AUTOS = YES_AGGRESSIVE;
				GCC_WARN_UNUSED_FUNCTION = YES;
				GCC_WARN_UNUSED_VARIABLE = YES;
				IPHONEOS_DEPLOYMENT_TARGET = 13.0;
				MTL_ENABLE_DEBUG_INFO = INCLUDE_SOURCE;
				MTL_FAST_MATH = YES;
				ONLY_ACTIVE_ARCH = YES;
				SDKROOT = iphoneos;
				SWIFT_ACTIVE_COMPILATION_CONDITIONS = DEBUG;
				SWIFT_OPTIMIZATION_LEVEL = "-Onone";
			};
			name = Debug;
		};
		B5A972E3289A8F310071E4F1 /* Release */ = {
			isa = XCBuildConfiguration;
			buildSettings = {
				ALWAYS_SEARCH_USER_PATHS = NO;
				CLANG_ANALYZER_NONNULL = YES;
				CLANG_ANALYZER_NUMBER_OBJECT_CONVERSION = YES_AGGRESSIVE;
				CLANG_CXX_LANGUAGE_STANDARD = "gnu++17";
				CLANG_CXX_LIBRARY = "libc++";
				CLANG_ENABLE_MODULES = YES;
				CLANG_ENABLE_OBJC_ARC = YES;
				CLANG_ENABLE_OBJC_WEAK = YES;
				CLANG_WARN_BLOCK_CAPTURE_AUTORELEASING = YES;
				CLANG_WARN_BOOL_CONVERSION = YES;
				CLANG_WARN_COMMA = YES;
				CLANG_WARN_CONSTANT_CONVERSION = YES;
				CLANG_WARN_DEPRECATED_OBJC_IMPLEMENTATIONS = YES;
				CLANG_WARN_DIRECT_OBJC_ISA_USAGE = YES_ERROR;
				CLANG_WARN_DOCUMENTATION_COMMENTS = YES;
				CLANG_WARN_EMPTY_BODY = YES;
				CLANG_WARN_ENUM_CONVERSION = YES;
				CLANG_WARN_INFINITE_RECURSION = YES;
				CLANG_WARN_INT_CONVERSION = YES;
				CLANG_WARN_NON_LITERAL_NULL_CONVERSION = YES;
				CLANG_WARN_OBJC_IMPLICIT_RETAIN_SELF = YES;
				CLANG_WARN_OBJC_LITERAL_CONVERSION = YES;
				CLANG_WARN_OBJC_ROOT_CLASS = YES_ERROR;
				CLANG_WARN_QUOTED_INCLUDE_IN_FRAMEWORK_HEADER = YES;
				CLANG_WARN_RANGE_LOOP_ANALYSIS = YES;
				CLANG_WARN_STRICT_PROTOTYPES = YES;
				CLANG_WARN_SUSPICIOUS_MOVE = YES;
				CLANG_WARN_UNGUARDED_AVAILABILITY = YES_AGGRESSIVE;
				CLANG_WARN_UNREACHABLE_CODE = YES;
				CLANG_WARN__DUPLICATE_METHOD_MATCH = YES;
				COPY_PHASE_STRIP = NO;
				DEBUG_INFORMATION_FORMAT = "dwarf-with-dsym";
				ENABLE_NS_ASSERTIONS = NO;
				ENABLE_STRICT_OBJC_MSGSEND = YES;
				GCC_C_LANGUAGE_STANDARD = gnu11;
				GCC_NO_COMMON_BLOCKS = YES;
				GCC_WARN_64_TO_32_BIT_CONVERSION = YES;
				GCC_WARN_ABOUT_RETURN_TYPE = YES_ERROR;
				GCC_WARN_UNDECLARED_SELECTOR = YES;
				GCC_WARN_UNINITIALIZED_AUTOS = YES_AGGRESSIVE;
				GCC_WARN_UNUSED_FUNCTION = YES;
				GCC_WARN_UNUSED_VARIABLE = YES;
				IPHONEOS_DEPLOYMENT_TARGET = 13.0;
				MTL_ENABLE_DEBUG_INFO = NO;
				MTL_FAST_MATH = YES;
				SDKROOT = iphoneos;
				SWIFT_COMPILATION_MODE = wholemodule;
				SWIFT_OPTIMIZATION_LEVEL = "-O";
				VALIDATE_PRODUCT = YES;
			};
			name = Release;
		};
		B5A972E5289A8F310071E4F1 /* Debug */ = {
			isa = XCBuildConfiguration;
			baseConfigurationReference = 76844142DE17E35D4E7DEB10 /* Pods-Financial App.debug.xcconfig */;
			buildSettings = {
				ASSETCATALOG_COMPILER_APPICON_NAME = AppIcon;
				ASSETCATALOG_COMPILER_GLOBAL_ACCENT_COLOR_NAME = AccentColor;
				CODE_SIGN_STYLE = Automatic;
				CURRENT_PROJECT_VERSION = 1;
				DEVELOPMENT_TEAM = GQU4PC2XPJ;
				GENERATE_INFOPLIST_FILE = YES;
				INFOPLIST_FILE = "Financial App/Resource/Info.plist";
				INFOPLIST_KEY_UIApplicationSupportsIndirectInputEvents = YES;
				INFOPLIST_KEY_UILaunchStoryboardName = LaunchScreen;
				INFOPLIST_KEY_UIMainStoryboardFile = Main;
				INFOPLIST_KEY_UISupportedInterfaceOrientations_iPad = "UIInterfaceOrientationPortrait UIInterfaceOrientationPortraitUpsideDown UIInterfaceOrientationLandscapeLeft UIInterfaceOrientationLandscapeRight";
				INFOPLIST_KEY_UISupportedInterfaceOrientations_iPhone = "UIInterfaceOrientationPortrait UIInterfaceOrientationLandscapeLeft UIInterfaceOrientationLandscapeRight";
				LD_RUNPATH_SEARCH_PATHS = (
					"$(inherited)",
					"@executable_path/Frameworks",
				);
				MARKETING_VERSION = 1.0;
				PRODUCT_BUNDLE_IDENTIFIER = "Maksim-Ozhgibecov.Financial-App";
				PRODUCT_NAME = "$(TARGET_NAME)";
				SWIFT_EMIT_LOC_STRINGS = YES;
				SWIFT_VERSION = 5.0;
				TARGETED_DEVICE_FAMILY = "1,2";
			};
			name = Debug;
		};
		B5A972E6289A8F310071E4F1 /* Release */ = {
			isa = XCBuildConfiguration;
			baseConfigurationReference = 9FD6F90F91105BFCA20118BB /* Pods-Financial App.release.xcconfig */;
			buildSettings = {
				ASSETCATALOG_COMPILER_APPICON_NAME = AppIcon;
				ASSETCATALOG_COMPILER_GLOBAL_ACCENT_COLOR_NAME = AccentColor;
				CODE_SIGN_STYLE = Automatic;
				CURRENT_PROJECT_VERSION = 1;
				DEVELOPMENT_TEAM = GQU4PC2XPJ;
				GENERATE_INFOPLIST_FILE = YES;
				INFOPLIST_FILE = "Financial App/Resource/Info.plist";
				INFOPLIST_KEY_UIApplicationSupportsIndirectInputEvents = YES;
				INFOPLIST_KEY_UILaunchStoryboardName = LaunchScreen;
				INFOPLIST_KEY_UIMainStoryboardFile = Main;
				INFOPLIST_KEY_UISupportedInterfaceOrientations_iPad = "UIInterfaceOrientationPortrait UIInterfaceOrientationPortraitUpsideDown UIInterfaceOrientationLandscapeLeft UIInterfaceOrientationLandscapeRight";
				INFOPLIST_KEY_UISupportedInterfaceOrientations_iPhone = "UIInterfaceOrientationPortrait UIInterfaceOrientationLandscapeLeft UIInterfaceOrientationLandscapeRight";
				LD_RUNPATH_SEARCH_PATHS = (
					"$(inherited)",
					"@executable_path/Frameworks",
				);
				MARKETING_VERSION = 1.0;
				PRODUCT_BUNDLE_IDENTIFIER = "Maksim-Ozhgibecov.Financial-App";
				PRODUCT_NAME = "$(TARGET_NAME)";
				SWIFT_EMIT_LOC_STRINGS = YES;
				SWIFT_VERSION = 5.0;
				TARGETED_DEVICE_FAMILY = "1,2";
			};
			name = Release;
		};
		B5B884C128A3770200B10DBC /* Debug */ = {
			isa = XCBuildConfiguration;
			buildSettings = {
				BUNDLE_LOADER = "$(TEST_HOST)";
				CODE_SIGN_STYLE = Automatic;
				CURRENT_PROJECT_VERSION = 1;
				DEVELOPMENT_TEAM = GQU4PC2XPJ;
				GENERATE_INFOPLIST_FILE = YES;
				IPHONEOS_DEPLOYMENT_TARGET = 15.2;
				MARKETING_VERSION = 1.0;
				PRODUCT_BUNDLE_IDENTIFIER = "Maksim-Ozhgibecov.Financial-AppTests";
				PRODUCT_NAME = "$(TARGET_NAME)";
				SWIFT_EMIT_LOC_STRINGS = NO;
				SWIFT_VERSION = 5.0;
				TARGETED_DEVICE_FAMILY = "1,2";
				TEST_HOST = "$(BUILT_PRODUCTS_DIR)/Financial App.app/Financial App";
			};
			name = Debug;
		};
		B5B884C228A3770200B10DBC /* Release */ = {
			isa = XCBuildConfiguration;
			buildSettings = {
				BUNDLE_LOADER = "$(TEST_HOST)";
				CODE_SIGN_STYLE = Automatic;
				CURRENT_PROJECT_VERSION = 1;
				DEVELOPMENT_TEAM = GQU4PC2XPJ;
				GENERATE_INFOPLIST_FILE = YES;
				IPHONEOS_DEPLOYMENT_TARGET = 15.2;
				MARKETING_VERSION = 1.0;
				PRODUCT_BUNDLE_IDENTIFIER = "Maksim-Ozhgibecov.Financial-AppTests";
				PRODUCT_NAME = "$(TARGET_NAME)";
				SWIFT_EMIT_LOC_STRINGS = NO;
				SWIFT_VERSION = 5.0;
				TARGETED_DEVICE_FAMILY = "1,2";
				TEST_HOST = "$(BUILT_PRODUCTS_DIR)/Financial App.app/Financial App";
			};
			name = Release;
		};
/* End XCBuildConfiguration section */

/* Begin XCConfigurationList section */
		B5A972CB289A8F2E0071E4F1 /* Build configuration list for PBXProject "Financial App" */ = {
			isa = XCConfigurationList;
			buildConfigurations = (
				B5A972E2289A8F310071E4F1 /* Debug */,
				B5A972E3289A8F310071E4F1 /* Release */,
			);
			defaultConfigurationIsVisible = 0;
			defaultConfigurationName = Release;
		};
		B5A972E4289A8F310071E4F1 /* Build configuration list for PBXNativeTarget "Financial App" */ = {
			isa = XCConfigurationList;
			buildConfigurations = (
				B5A972E5289A8F310071E4F1 /* Debug */,
				B5A972E6289A8F310071E4F1 /* Release */,
			);
			defaultConfigurationIsVisible = 0;
			defaultConfigurationName = Release;
		};
		B5B884C328A3770200B10DBC /* Build configuration list for PBXNativeTarget "Financial AppTests" */ = {
			isa = XCConfigurationList;
			buildConfigurations = (
				B5B884C128A3770200B10DBC /* Debug */,
				B5B884C228A3770200B10DBC /* Release */,
			);
			defaultConfigurationIsVisible = 0;
			defaultConfigurationName = Release;
		};
/* End XCConfigurationList section */
	};
	rootObject = B5A972C8289A8F2E0071E4F1 /* Project object */;
}
